
Microsoft Visual Studio Solution File, Format Version 12.00
# Visual Studio Express 2012 for Windows Desktop
Project("{FAE04EC0-301F-11D3-BF4B-00C04F79EFBC}") = "opi6_1", "opi6_1\opi6_1.csproj", "{9715C251-3631-43F0-8B06-2ADF13E849AA}"
EndProject
Global
	GlobalSection(SolutionConfigurationPlatforms) = preSolution
		Debug|Any CPU = Debug|Any CPU
		Release|Any CPU = Release|Any CPU
	EndGlobalSection
	GlobalSection(ProjectConfigurationPlatforms) = postSolution
		{9715C251-3631-43F0-8B06-2ADF13E849AA}.Debug|Any CPU.ActiveCfg = Debug|Any CPU
		{9715C251-3631-43F0-8B06-2ADF13E849AA}.Debug|Any CPU.Build.0 = Debug|Any CPU
		{9715C251-3631-43F0-8B06-2ADF13E849AA}.Release|Any CPU.ActiveCfg = Release|Any CPU
		{9715C251-3631-43F0-8B06-2ADF13E849AA}.Release|Any CPU.Build.0 = Release|Any CPU
	EndGlobalSection
	GlobalSection(SolutionProperties) = preSolution
		HideSolutionNode = FALSE
	EndGlobalSection
EndGlobal
