
Microsoft Visual Studio Solution File, Format Version 12.00
# Visual Studio Express 2012 for Windows Desktop
Project("{FAE04EC0-301F-11D3-BF4B-00C04F79EFBC}") = "RGZ2", "RGZ2\RGZ2.csproj", "{A0BD58E9-3B46-47A7-9A22-28E2388DB8FF}"
EndProject
Global
	GlobalSection(SolutionConfigurationPlatforms) = preSolution
		Debug|Any CPU = Debug|Any CPU
		Release|Any CPU = Release|Any CPU
	EndGlobalSection
	GlobalSection(ProjectConfigurationPlatforms) = postSolution
		{A0BD58E9-3B46-47A7-9A22-28E2388DB8FF}.Debug|Any CPU.ActiveCfg = Debug|Any CPU
		{A0BD58E9-3B46-47A7-9A22-28E2388DB8FF}.Debug|Any CPU.Build.0 = Debug|Any CPU
		{A0BD58E9-3B46-47A7-9A22-28E2388DB8FF}.Release|Any CPU.ActiveCfg = Release|Any CPU
		{A0BD58E9-3B46-47A7-9A22-28E2388DB8FF}.Release|Any CPU.Build.0 = Release|Any CPU
	EndGlobalSection
	GlobalSection(SolutionProperties) = preSolution
		HideSolutionNode = FALSE
	EndGlobalSection
EndGlobal
